
Microsoft Visual Studio Solution File, Format Version 12.00
# Visual Studio 15
VisualStudioVersion = 15.0.27428.2002
MinimumVisualStudioVersion = 10.0.40219.1
Project("{FAE04EC0-301F-11D3-BF4B-00C04F79EFBC}") = "UnitTestExample", "UnitTestExample\UnitTestExample.csproj", "{10262D9A-0A6E-471D-8859-B296E745EEDF}"
EndProject
Project("{FAE04EC0-301F-11D3-BF4B-00C04F79EFBC}") = "UnitTestExampleTests", "UnitTestExampleTests\UnitTestExampleTests.csproj", "{33CA31C7-8A65-4EF0-90BF-B950E6F96CC2}"
EndProject
Global
	GlobalSection(SolutionConfigurationPlatforms) = preSolution
		Debug|Any CPU = Debug|Any CPU
		Release|Any CPU = Release|Any CPU
	EndGlobalSection
	GlobalSection(ProjectConfigurationPlatforms) = postSolution
		{10262D9A-0A6E-471D-8859-B296E745EEDF}.Debug|Any CPU.ActiveCfg = Debug|Any CPU
		{10262D9A-0A6E-471D-8859-B296E745EEDF}.Debug|Any CPU.Build.0 = Debug|Any CPU
		{10262D9A-0A6E-471D-8859-B296E745EEDF}.Release|Any CPU.ActiveCfg = Release|Any CPU
		{10262D9A-0A6E-471D-8859-B296E745EEDF}.Release|Any CPU.Build.0 = Release|Any CPU
		{33CA31C7-8A65-4EF0-90BF-B950E6F96CC2}.Debug|Any CPU.ActiveCfg = Debug|Any CPU
		{33CA31C7-8A65-4EF0-90BF-B950E6F96CC2}.Debug|Any CPU.Build.0 = Debug|Any CPU
		{33CA31C7-8A65-4EF0-90BF-B950E6F96CC2}.Release|Any CPU.ActiveCfg = Release|Any CPU
		{33CA31C7-8A65-4EF0-90BF-B950E6F96CC2}.Release|Any CPU.Build.0 = Release|Any CPU
	EndGlobalSection
	GlobalSection(SolutionProperties) = preSolution
		HideSolutionNode = FALSE
	EndGlobalSection
	GlobalSection(ExtensibilityGlobals) = postSolution
		SolutionGuid = {E7AE972A-3847-4731-8B68-A2C35B324702}
	EndGlobalSection
EndGlobal
